
Microsoft Visual Studio Solution File, Format Version 12.00
# Visual Studio Version 17
VisualStudioVersion = 17.0.31912.275
MinimumVisualStudioVersion = 10.0.40219.1
Project("{FAE04EC0-301F-11D3-BF4B-00C04F79EFBC}") = "Projeto loja", "Projeto loja\Projeto loja.csproj", "{4F29641B-F18C-470E-BBFF-0C40C8E0DA8D}"
EndProject
Global
	GlobalSection(SolutionConfigurationPlatforms) = preSolution
		Debug|Any CPU = Debug|Any CPU
		Release|Any CPU = Release|Any CPU
	EndGlobalSection
	GlobalSection(ProjectConfigurationPlatforms) = postSolution
		{4F29641B-F18C-470E-BBFF-0C40C8E0DA8D}.Debug|Any CPU.ActiveCfg = Debug|Any CPU
		{4F29641B-F18C-470E-BBFF-0C40C8E0DA8D}.Debug|Any CPU.Build.0 = Debug|Any CPU
		{4F29641B-F18C-470E-BBFF-0C40C8E0DA8D}.Release|Any CPU.ActiveCfg = Release|Any CPU
		{4F29641B-F18C-470E-BBFF-0C40C8E0DA8D}.Release|Any CPU.Build.0 = Release|Any CPU
	EndGlobalSection
	GlobalSection(SolutionProperties) = preSolution
		HideSolutionNode = FALSE
	EndGlobalSection
	GlobalSection(ExtensibilityGlobals) = postSolution
		SolutionGuid = {C2F89535-83FE-4569-A642-A824779459BB}
	EndGlobalSection
EndGlobal
